# THIS IS AN AUTOGENERATED FILE. DO NOT EDIT THIS FILE DIRECTLY.
# yarn lockfile v1


acorn@^5.1.1:
  version "5.5.0"
  resolved "https://artifacts.notjet.net/api/npm/npm/acorn/-/acorn-5.5.0.tgz#1abb587fbf051f94e3de20e6b26ef910b1828298"

bayes@^0.0.7:
  version "0.0.7"
  resolved "https://artifacts.notjet.net/api/npm/npm/bayes/-/bayes-0.0.7.tgz#357bf74aa887e796de4bf5e922c5631090af8a00"

brain.js@^1.1.1:
  version "1.1.1"
  resolved "https://artifacts.notjet.net/api/npm/npm/brain.js/-/brain.js-1.1.1.tgz#2f85e6d0ccc4888d81f2efaedf6ec5348d97fc5f"
  dependencies:
    gpu.js "^1.0.0"
    thaw.js "^2.0.0"

gpu.js@^1.0.0:
  version "1.0.6"
  resolved "https://artifacts.notjet.net/api/npm/npm/gpu.js/-/gpu.js-1.0.6.tgz#293caddb36de153eae3cd0e235c4289499fddd3a"
  dependencies:
    acorn "^5.1.1"

lodash@^4.17.5:
  version "4.17.5"
  resolved "https://artifacts.notjet.net/api/npm/npm/lodash/-/lodash-4.17.5.tgz#99a92d65c0272debe8c96b6057bc8fbfa3bed511"

thaw.js@^2.0.0:
  version "2.0.0"
  resolved "https://artifacts.notjet.net/api/npm/npm/thaw.js/-/thaw.js-2.0.0.tgz#452bc5d7ee2ce1b6f92037b05b506cbd656291d0"
